Microsoft Visual Studio Solution File, Format Version 12.00
# Visual Studio Version 17
VisualStudioVersion = 17.5.2.0
MinimumVisualStudioVersion = 10.0.40219.1
Project("{FAE04EC0-301F-11D3-BF4B-00C04F79EFBC}") = "RecuperationConfigurations", "RecuperationConfigurations.csproj", "{864CF47A-5ABD-F7A1-3BD2-6B94F64B80D5}"
EndProject
Global
	GlobalSection(SolutionConfigurationPlatforms) = preSolution
		Debug|Any CPU = Debug|Any CPU
		Release|Any CPU = Release|Any CPU
	EndGlobalSection
	GlobalSection(ProjectConfigurationPlatforms) = postSolution
		{864CF47A-5ABD-F7A1-3BD2-6B94F64B80D5}.Debug|Any CPU.ActiveCfg = Debug|Any CPU
		{864CF47A-5ABD-F7A1-3BD2-6B94F64B80D5}.Debug|Any CPU.Build.0 = Debug|Any CPU
		{864CF47A-5ABD-F7A1-3BD2-6B94F64B80D5}.Release|Any CPU.ActiveCfg = Release|Any CPU
		{864CF47A-5ABD-F7A1-3BD2-6B94F64B80D5}.Release|Any CPU.Build.0 = Release|Any CPU
	EndGlobalSection
	GlobalSection(SolutionProperties) = preSolution
		HideSolutionNode = FALSE
	EndGlobalSection
	GlobalSection(ExtensibilityGlobals) = postSolution
		SolutionGuid = {1D1A1936-AE74-4197-A385-12D2DD722ADF}
	EndGlobalSection
EndGlobal
