
Microsoft Visual Studio Solution File, Format Version 12.00
# Visual Studio Version 16
VisualStudioVersion = 16.0.30413.136
MinimumVisualStudioVersion = 10.0.40219.1
Project("{FAE04EC0-301F-11D3-BF4B-00C04F79EFBC}") = "DSED_Module03_Preparation_Cours", "DSED_Module03_Preparation_Cours\DSED_Module03_Preparation_Cours.csproj", "{3620E02B-194F-44C0-BAAE-1CE938592FC2}"
EndProject
Global
	GlobalSection(SolutionConfigurationPlatforms) = preSolution
		Debug|Any CPU = Debug|Any CPU
		Release|Any CPU = Release|Any CPU
	EndGlobalSection
	GlobalSection(ProjectConfigurationPlatforms) = postSolution
		{3620E02B-194F-44C0-BAAE-1CE938592FC2}.Debug|Any CPU.ActiveCfg = Debug|Any CPU
		{3620E02B-194F-44C0-BAAE-1CE938592FC2}.Debug|Any CPU.Build.0 = Debug|Any CPU
		{3620E02B-194F-44C0-BAAE-1CE938592FC2}.Release|Any CPU.ActiveCfg = Release|Any CPU
		{3620E02B-194F-44C0-BAAE-1CE938592FC2}.Release|Any CPU.Build.0 = Release|Any CPU
	EndGlobalSection
	GlobalSection(SolutionProperties) = preSolution
		HideSolutionNode = FALSE
	EndGlobalSection
	GlobalSection(ExtensibilityGlobals) = postSolution
		SolutionGuid = {DC0B79E2-BE90-4ABA-BF43-7D323E37CE06}
	EndGlobalSection
EndGlobal
