
Microsoft Visual Studio Solution File, Format Version 12.00
# Visual Studio Version 16
VisualStudioVersion = 16.0.30413.136
MinimumVisualStudioVersion = 10.0.40219.1
Project("{9A19103F-16F7-4668-BE54-9A1E7A4F7556}") = "DSED_M01_Fichiers_Texte", "DSED_M01_Fichiers_Texte\DSED_M01_Fichiers_Texte.csproj", "{72D65F02-C16E-42E2-B5B8-807A46942E63}"
EndProject
Project("{9A19103F-16F7-4668-BE54-9A1E7A4F7556}") = "M01_Srv_Municipalite", "M01_Srv_Municipalite\M01_Srv_Municipalite.csproj", "{51F130E5-BD8D-4937-BF49-E30C98C352BD}"
EndProject
Project("{9A19103F-16F7-4668-BE54-9A1E7A4F7556}") = "M01_DAL_Municipalite_MySQL", "M01_DAL_Municipalite_MySQL\M01_DAL_Municipalite_MySQL.csproj", "{297B7606-9DF5-4E8C-B07B-90CCF7A05068}"
EndProject
Project("{9A19103F-16F7-4668-BE54-9A1E7A4F7556}") = "M01_DAL_Import_Munic_CSV", "M01_DAL_Import_Munic_CSV\M01_DAL_Import_Munic_CSV.csproj", "{EEA51C7E-8328-4B9E-869C-4715B488A9B0}"
EndProject
Project("{9A19103F-16F7-4668-BE54-9A1E7A4F7556}") = "M01_Configuration_Application", "M01_Configuration_Application\M01_Configuration_Application.csproj", "{46EA9DC7-270E-4AD8-9F65-2F312A1BFA5F}"
EndProject
Project("{FAE04EC0-301F-11D3-BF4B-00C04F79EFBC}") = "TestsM01_Srv_Municipalite", "TestsM01_Srv_Municipalite\TestsM01_Srv_Municipalite.csproj", "{C4EAEFFB-C504-4103-9065-BEBD4B9FF07A}"
EndProject
Global
	GlobalSection(SolutionConfigurationPlatforms) = preSolution
		Debug|Any CPU = Debug|Any CPU
		Release|Any CPU = Release|Any CPU
	EndGlobalSection
	GlobalSection(ProjectConfigurationPlatforms) = postSolution
		{72D65F02-C16E-42E2-B5B8-807A46942E63}.Debug|Any CPU.ActiveCfg = Debug|Any CPU
		{72D65F02-C16E-42E2-B5B8-807A46942E63}.Debug|Any CPU.Build.0 = Debug|Any CPU
		{72D65F02-C16E-42E2-B5B8-807A46942E63}.Release|Any CPU.ActiveCfg = Release|Any CPU
		{72D65F02-C16E-42E2-B5B8-807A46942E63}.Release|Any CPU.Build.0 = Release|Any CPU
		{51F130E5-BD8D-4937-BF49-E30C98C352BD}.Debug|Any CPU.ActiveCfg = Debug|Any CPU
		{51F130E5-BD8D-4937-BF49-E30C98C352BD}.Debug|Any CPU.Build.0 = Debug|Any CPU
		{51F130E5-BD8D-4937-BF49-E30C98C352BD}.Release|Any CPU.ActiveCfg = Release|Any CPU
		{51F130E5-BD8D-4937-BF49-E30C98C352BD}.Release|Any CPU.Build.0 = Release|Any CPU
		{297B7606-9DF5-4E8C-B07B-90CCF7A05068}.Debug|Any CPU.ActiveCfg = Debug|Any CPU
		{297B7606-9DF5-4E8C-B07B-90CCF7A05068}.Debug|Any CPU.Build.0 = Debug|Any CPU
		{297B7606-9DF5-4E8C-B07B-90CCF7A05068}.Release|Any CPU.ActiveCfg = Release|Any CPU
		{297B7606-9DF5-4E8C-B07B-90CCF7A05068}.Release|Any CPU.Build.0 = Release|Any CPU
		{EEA51C7E-8328-4B9E-869C-4715B488A9B0}.Debug|Any CPU.ActiveCfg = Debug|Any CPU
		{EEA51C7E-8328-4B9E-869C-4715B488A9B0}.Debug|Any CPU.Build.0 = Debug|Any CPU
		{EEA51C7E-8328-4B9E-869C-4715B488A9B0}.Release|Any CPU.ActiveCfg = Release|Any CPU
		{EEA51C7E-8328-4B9E-869C-4715B488A9B0}.Release|Any CPU.Build.0 = Release|Any CPU
		{46EA9DC7-270E-4AD8-9F65-2F312A1BFA5F}.Debug|Any CPU.ActiveCfg = Debug|Any CPU
		{46EA9DC7-270E-4AD8-9F65-2F312A1BFA5F}.Debug|Any CPU.Build.0 = Debug|Any CPU
		{46EA9DC7-270E-4AD8-9F65-2F312A1BFA5F}.Release|Any CPU.ActiveCfg = Release|Any CPU
		{46EA9DC7-270E-4AD8-9F65-2F312A1BFA5F}.Release|Any CPU.Build.0 = Release|Any CPU
		{C4EAEFFB-C504-4103-9065-BEBD4B9FF07A}.Debug|Any CPU.ActiveCfg = Debug|Any CPU
		{C4EAEFFB-C504-4103-9065-BEBD4B9FF07A}.Debug|Any CPU.Build.0 = Debug|Any CPU
		{C4EAEFFB-C504-4103-9065-BEBD4B9FF07A}.Release|Any CPU.ActiveCfg = Release|Any CPU
		{C4EAEFFB-C504-4103-9065-BEBD4B9FF07A}.Release|Any CPU.Build.0 = Release|Any CPU
	EndGlobalSection
	GlobalSection(SolutionProperties) = preSolution
		HideSolutionNode = FALSE
	EndGlobalSection
	GlobalSection(ExtensibilityGlobals) = postSolution
		SolutionGuid = {0BF9EC1A-C483-48B1-B2C3-8D1D8082A7EA}
	EndGlobalSection
EndGlobal
